<?xml version="1.0" encoding="utf-8"?>
<Project ToolsVersion="4.0" xmlns="http://schemas.microsoft.com/developer/msbuild/2003">
  <ItemGroup>
    <Filter Include="源文件">
      <UniqueIdentifier>{4FC737F1-C7A5-4376-A066-2A32D752A2FF}</UniqueIdentifier>
      <Extensions>cpp;c;cc;cxx;def;odl;idl;hpj;bat;asm;asmx</Extensions>
    </Filter>
    <Filter Include="资源文件">
      <UniqueIdentifier>{67DA6AB6-F800-4c08-8B7A-83BB121AAD01}</UniqueIdentifier>
      <Extensions>rc;ico;cur;bmp;dlg;rc2;rct;bin;rgs;gif;jpg;jpeg;jpe;resx;tiff;tif;png;wav;mfcribbon-ms</Extensions>
    </Filter>
    <Filter Include="Foundation">
      <UniqueIdentifier>{83f2af33-608e-4a40-b4f8-a0f561a1cf56}</UniqueIdentifier>
    </Filter>
    <Filter Include="Apps">
      <UniqueIdentifier>{6854a787-05ea-401a-8876-2a1408790556}</UniqueIdentifier>
    </Filter>
  </ItemGroup>
  <ItemGroup>
    <ClInclude Include="Application.h">
      <Filter>Foundation</Filter>
    </ClInclude>
    <ClInclude Include="ApplicationFactory.h">
      <Filter>Foundation</Filter>
    </ClInclude>
    <ClInclude Include="Camera.h">
      <Filter>Foundation</Filter>
    </ClInclude>
    <ClInclude Include="Displayer.h">
      <Filter>Foundation</Filter>
    </ClInclude>
    <ClInclude Include="FrameBufferObject.h">
      <Filter>Foundation</Filter>
    </ClInclude>
    <ClInclude Include="Program.h">
      <Filter>Foundation</Filter>
    </ClInclude>
    <ClInclude Include="RenderableObject.h">
      <Filter>Foundation</Filter>
    </ClInclude>
    <ClInclude Include="Renderer.h">
      <Filter>Foundation</Filter>
    </ClInclude>
    <ClInclude Include="RenderQuad.h">
      <Filter>Foundation</Filter>
    </ClInclude>
    <ClInclude Include="Texture.h">
      <Filter>Foundation</Filter>
    </ClInclude>
    <ClInclude Include="TextureManager.h">
      <Filter>Foundation</Filter>
    </ClInclude>
    <ClInclude Include="AdvanceLightApp.h">
      <Filter>Apps</Filter>
    </ClInclude>
    <ClInclude Include="MaterialSystemApp.h">
      <Filter>Apps</Filter>
    </ClInclude>
    <ClInclude Include="ModelImporterApp.h">
      <Filter>Apps</Filter>
    </ClInclude>
    <ClInclude Include="PostProcessingApp.h">
      <Filter>Apps</Filter>
    </ClInclude>
    <ClInclude Include="TriangleApp.h">
      <Filter>Apps</Filter>
    </ClInclude>
    <ClInclude Include="Ray.h">
      <Filter>Foundation</Filter>
    </ClInclude>
    <ClInclude Include="BoundingSphere.h">
      <Filter>Foundation</Filter>
    </ClInclude>
    <ClInclude Include="Array.h">
      <Filter>Foundation</Filter>
    </ClInclude>
    <ClInclude Include="Node.h">
      <Filter>Foundation</Filter>
    </ClInclude>
    <ClInclude Include="Geometry.h">
      <Filter>Foundation</Filter>
    </ClInclude>
    <ClInclude Include="SphereShape.h">
      <Filter>Foundation</Filter>
    </ClInclude>
    <ClInclude Include="Math.h">
      <Filter>Foundation</Filter>
    </ClInclude>
    <ClInclude Include="BaseShapeDrawApp.h">
      <Filter>Apps</Filter>
    </ClInclude>
    <ClInclude Include="Material.h">
      <Filter>Foundation</Filter>
    </ClInclude>
    <ClInclude Include="CylinderShape.h">
      <Filter>Foundation</Filter>
    </ClInclude>
    <ClInclude Include="TransformFeedbackApp.h">
      <Filter>Apps</Filter>
    </ClInclude>
    <ClInclude Include="CapsuleShape.h">
      <Filter>Foundation</Filter>
    </ClInclude>
    <ClInclude Include="BoxShape.h">
      <Filter>Foundation</Filter>
    </ClInclude>
    <ClInclude Include="Shape.h">
      <Filter>Foundation</Filter>
    </ClInclude>
    <ClInclude Include="ShapeRenderable.h">
      <Filter>Foundation</Filter>
    </ClInclude>
    <ClInclude Include="AssimpConverter.h">
      <Filter>Foundation</Filter>
    </ClInclude>
    <ClInclude Include="Mesh.h">
      <Filter>Foundation</Filter>
    </ClInclude>
    <ClInclude Include="Model.h">
      <Filter>Foundation</Filter>
    </ClInclude>
    <ClInclude Include="MoveableNode.h">
      <Filter>Foundation</Filter>
    </ClInclude>
    <ClInclude Include="BoundingBox.h">
      <Filter>Foundation</Filter>
    </ClInclude>
    <ClInclude Include="DebugDrawer.h">
      <Filter>Foundation</Filter>
    </ClInclude>
  </ItemGroup>
  <ItemGroup>
    <ClCompile Include="Application.cpp">
      <Filter>Foundation</Filter>
    </ClCompile>
    <ClCompile Include="ApplicationFactory.cpp">
      <Filter>Foundation</Filter>
    </ClCompile>
    <ClCompile Include="Camera.cpp">
      <Filter>Foundation</Filter>
    </ClCompile>
    <ClCompile Include="Displayer.cpp">
      <Filter>Foundation</Filter>
    </ClCompile>
    <ClCompile Include="FrameBufferObject.cpp">
      <Filter>Foundation</Filter>
    </ClCompile>
    <ClCompile Include="Program.cpp">
      <Filter>Foundation</Filter>
    </ClCompile>
    <ClCompile Include="RenderableObject.cpp">
      <Filter>Foundation</Filter>
    </ClCompile>
    <ClCompile Include="Renderer.cpp">
      <Filter>Foundation</Filter>
    </ClCompile>
    <ClCompile Include="RenderQuad.cpp">
      <Filter>Foundation</Filter>
    </ClCompile>
    <ClCompile Include="Texture.cpp">
      <Filter>Foundation</Filter>
    </ClCompile>
    <ClCompile Include="TextureManager.cpp">
      <Filter>Foundation</Filter>
    </ClCompile>
    <ClCompile Include="Ray.cpp">
      <Filter>Foundation</Filter>
    </ClCompile>
    <ClCompile Include="BoundingSphere.cpp">
      <Filter>Foundation</Filter>
    </ClCompile>
    <ClCompile Include="Node.cpp">
      <Filter>Foundation</Filter>
    </ClCompile>
    <ClCompile Include="Geometry.cpp">
      <Filter>Foundation</Filter>
    </ClCompile>
    <ClCompile Include="SphereShape.cpp">
      <Filter>Foundation</Filter>
    </ClCompile>
    <ClCompile Include="Material.cpp">
      <Filter>Foundation</Filter>
    </ClCompile>
    <ClCompile Include="CylinderShape.cpp">
      <Filter>Foundation</Filter>
    </ClCompile>
    <ClCompile Include="CapsuleShape.cpp">
      <Filter>Foundation</Filter>
    </ClCompile>
    <ClCompile Include="BoxShape.cpp">
      <Filter>Foundation</Filter>
    </ClCompile>
    <ClCompile Include="Shape.cpp">
      <Filter>Foundation</Filter>
    </ClCompile>
    <ClCompile Include="ShapeRenderable.cpp">
      <Filter>Foundation</Filter>
    </ClCompile>
    <ClCompile Include="AssimpConverter.cpp">
      <Filter>Foundation</Filter>
    </ClCompile>
    <ClCompile Include="ApplicationMain.cpp">
      <Filter>源文件</Filter>
    </ClCompile>
    <ClCompile Include="Mesh.cpp">
      <Filter>Foundation</Filter>
    </ClCompile>
    <ClCompile Include="Model.cpp">
      <Filter>Foundation</Filter>
    </ClCompile>
    <ClCompile Include="MoveableNode.cpp">
      <Filter>Foundation</Filter>
    </ClCompile>
    <ClCompile Include="BoundingBox.cpp">
      <Filter>Foundation</Filter>
    </ClCompile>
    <ClCompile Include="DebugDrawer.cpp">
      <Filter>Foundation</Filter>
    </ClCompile>
  </ItemGroup>
</Project>